// !$*UTF8*$!
{
	archiveVersion = 1;
	classes = {
	};
	objectVersion = 50;
	objects = {

/* Begin PBXBuildFile section */
		04DCB18822396E2E0071D770 /* PostalCodeTableViewController.swift in Sources */ = {isa = PBXBuildFile; fileRef = 04DCB18722396E2E0071D770 /* PostalCodeTableViewController.swift */; };
		04DCB18A223971320071D770 /* PostalCodeTableViewCell.swift in Sources */ = {isa = PBXBuildFile; fileRef = 04DCB189223971320071D770 /* PostalCodeTableViewCell.swift */; };
		04DCB18C2239CB900071D770 /* ListTextViewTableViewController.swift in Sources */ = {isa = PBXBuildFile; fileRef = 04DCB18B2239CB900071D770 /* ListTextViewTableViewController.swift */; };
		04DCB18E223AECA80071D770 /* TableViewController.swift in Sources */ = {isa = PBXBuildFile; fileRef = 04DCB18D223AECA80071D770 /* TableViewController.swift */; };
		04DCB190223AECFB0071D770 /* TableViewCell.swift in Sources */ = {isa = PBXBuildFile; fileRef = 04DCB18F223AECFB0071D770 /* TableViewCell.swift */; };
		04DCB192223AF4570071D770 /* TextViewTableViewCell.swift in Sources */ = {isa = PBXBuildFile; fileRef = 04DCB191223AF4560071D770 /* TextViewTableViewCell.swift */; };
		04FFABB02235A53400D86900 /* AppDelegate.swift in Sources */ = {isa = PBXBuildFile; fileRef = 04FFABAF2235A53400D86900 /* AppDelegate.swift */; };
		04FFABB22235A53400D86900 /* ViewController.swift in Sources */ = {isa = PBXBuildFile; fileRef = 04FFABB12235A53400D86900 /* ViewController.swift */; };
		04FFABB52235A53400D86900 /* Main.storyboard in Resources */ = {isa = PBXBuildFile; fileRef = 04FFABB32235A53400D86900 /* Main.storyboard */; };
		04FFABB82235A53400D86900 /* WTesteApp.xcdatamodeld in Sources */ = {isa = PBXBuildFile; fileRef = 04FFABB62235A53400D86900 /* WTesteApp.xcdatamodeld */; };
		04FFABBA2235A53500D86900 /* Assets.xcassets in Resources */ = {isa = PBXBuildFile; fileRef = 04FFABB92235A53500D86900 /* Assets.xcassets */; };
		04FFABBD2235A53500D86900 /* LaunchScreen.storyboard in Resources */ = {isa = PBXBuildFile; fileRef = 04FFABBB2235A53500D86900 /* LaunchScreen.storyboard */; };
		04FFABC72235A59F00D86900 /* Service.swift in Sources */ = {isa = PBXBuildFile; fileRef = 04FFABC62235A59F00D86900 /* Service.swift */; };
		04FFABC92235A5E700D86900 /* PostalCodeViewController.swift in Sources */ = {isa = PBXBuildFile; fileRef = 04FFABC82235A5E700D86900 /* PostalCodeViewController.swift */; };
		04FFABCB2235A97900D86900 /* ViewController+CoreData.swift in Sources */ = {isa = PBXBuildFile; fileRef = 04FFABCA2235A97900D86900 /* ViewController+CoreData.swift */; };
		F35DC92442846A36E62EE89F /* Pods_WTesteApp.framework in Frameworks */ = {isa = PBXBuildFile; fileRef = 4BBB3B2D0032A316F8417E8D /* Pods_WTesteApp.framework */; };
/* End PBXBuildFile section */

/* Begin PBXFileReference section */
		04DCB18722396E2E0071D770 /* PostalCodeTableViewController.swift */ = {isa = PBXFileReference; lastKnownFileType = sourcecode.swift; path = PostalCodeTableViewController.swift; sourceTree = "<group>"; };
		04DCB189223971320071D770 /* PostalCodeTableViewCell.swift */ = {isa = PBXFileReference; lastKnownFileType = sourcecode.swift; path = PostalCodeTableViewCell.swift; sourceTree = "<group>"; };
		04DCB18B2239CB900071D770 /* ListTextViewTableViewController.swift */ = {isa = PBXFileReference; lastKnownFileType = sourcecode.swift; path = ListTextViewTableViewController.swift; sourceTree = "<group>"; };
		04DCB18D223AECA80071D770 /* TableViewController.swift */ = {isa = PBXFileReference; lastKnownFileType = sourcecode.swift; path = TableViewController.swift; sourceTree = "<group>"; };
		04DCB18F223AECFB0071D770 /* TableViewCell.swift */ = {isa = PBXFileReference; lastKnownFileType = sourcecode.swift; path = TableViewCell.swift; sourceTree = "<group>"; };
		04DCB191223AF4560071D770 /* TextViewTableViewCell.swift */ = {isa = PBXFileReference; lastKnownFileType = sourcecode.swift; path = TextViewTableViewCell.swift; sourceTree = "<group>"; };
		04FFABAC2235A53400D86900 /* WTesteApp.app */ = {isa = PBXFileReference; explicitFileType = wrapper.application; includeInIndex = 0; path = WTesteApp.app; sourceTree = BUILT_PRODUCTS_DIR; };
		04FFABAF2235A53400D86900 /* AppDelegate.swift */ = {isa = PBXFileReference; lastKnownFileType = sourcecode.swift; path = AppDelegate.swift; sourceTree = "<group>"; };
		04FFABB12235A53400D86900 /* ViewController.swift */ = {isa = PBXFileReference; lastKnownFileType = sourcecode.swift; path = ViewController.swift; sourceTree = "<group>"; };
		04FFABB42235A53400D86900 /* Base */ = {isa = PBXFileReference; lastKnownFileType = file.storyboard; name = Base; path = Base.lproj/Main.storyboard; sourceTree = "<group>"; };
		04FFABB72235A53400D86900 /* WTesteApp.xcdatamodel */ = {isa = PBXFileReference; lastKnownFileType = wrapper.xcdatamodel; path = WTesteApp.xcdatamodel; sourceTree = "<group>"; };
		04FFABB92235A53500D86900 /* Assets.xcassets */ = {isa = PBXFileReference; lastKnownFileType = folder.assetcatalog; path = Assets.xcassets; sourceTree = "<group>"; };
		04FFABBC2235A53500D86900 /* Base */ = {isa = PBXFileReference; lastKnownFileType = file.storyboard; name = Base; path = Base.lproj/LaunchScreen.storyboard; sourceTree = "<group>"; };
		04FFABBE2235A53600D86900 /* Info.plist */ = {isa = PBXFileReference; lastKnownFileType = text.plist.xml; path = Info.plist; sourceTree = "<group>"; };
		04FFABC62235A59F00D86900 /* Service.swift */ = {isa = PBXFileReference; lastKnownFileType = sourcecode.swift; path = Service.swift; sourceTree = "<group>"; };
		04FFABC82235A5E700D86900 /* PostalCodeViewController.swift */ = {isa = PBXFileReference; lastKnownFileType = sourcecode.swift; path = PostalCodeViewController.swift; sourceTree = "<group>"; };
		04FFABCA2235A97900D86900 /* ViewController+CoreData.swift */ = {isa = PBXFileReference; lastKnownFileType = sourcecode.swift; path = "ViewController+CoreData.swift"; sourceTree = "<group>"; };
		312248CD3D6597F0A47E0271 /* Pods-WTesteApp.release.xcconfig */ = {isa = PBXFileReference; includeInIndex = 1; lastKnownFileType = text.xcconfig; name = "Pods-WTesteApp.release.xcconfig"; path = "Pods/Target Support Files/Pods-WTesteApp/Pods-WTesteApp.release.xcconfig"; sourceTree = "<group>"; };
		4BBB3B2D0032A316F8417E8D /* Pods_WTesteApp.framework */ = {isa = PBXFileReference; explicitFileType = wrapper.framework; includeInIndex = 0; path = Pods_WTesteApp.framework; sourceTree = BUILT_PRODUCTS_DIR; };
		80CB2E31E5E5ED4898238584 /* Pods-WTesteApp.debug.xcconfig */ = {isa = PBXFileReference; includeInIndex = 1; lastKnownFileType = text.xcconfig; name = "Pods-WTesteApp.debug.xcconfig"; path = "Pods/Target Support Files/Pods-WTesteApp/Pods-WTesteApp.debug.xcconfig"; sourceTree = "<group>"; };
/* End PBXFileReference section */

/* Begin PBXFrameworksBuildPhase section */
		04FFABA92235A53400D86900 /* Frameworks */ = {
			isa = PBXFrameworksBuildPhase;
			buildActionMask = 2147483647;
			files = (
				F35DC92442846A36E62EE89F /* Pods_WTesteApp.framework in Frameworks */,
			);
			runOnlyForDeploymentPostprocessing = 0;
		};
/* End PBXFrameworksBuildPhase section */

/* Begin PBXGroup section */
		04DCB18622396E1A0071D770 /* View */ = {
			isa = PBXGroup;
			children = (
				04DCB191223AF4560071D770 /* TextViewTableViewCell.swift */,
				04DCB18D223AECA80071D770 /* TableViewController.swift */,
				04DCB18B2239CB900071D770 /* ListTextViewTableViewController.swift */,
				04DCB18722396E2E0071D770 /* PostalCodeTableViewController.swift */,
				04DCB189223971320071D770 /* PostalCodeTableViewCell.swift */,
				04DCB18F223AECFB0071D770 /* TableViewCell.swift */,
			);
			name = View;
			sourceTree = "<group>";
		};
		04FFABA32235A53400D86900 = {
			isa = PBXGroup;
			children = (
				04FFABAE2235A53400D86900 /* WTesteApp */,
				04FFABAD2235A53400D86900 /* Products */,
				9193EB0F199D6148151E6197 /* Pods */,
				E7341E22C32D8A3746416CA8 /* Frameworks */,
			);
			sourceTree = "<group>";
		};
		04FFABAD2235A53400D86900 /* Products */ = {
			isa = PBXGroup;
			children = (
				04FFABAC2235A53400D86900 /* WTesteApp.app */,
			);
			name = Products;
			sourceTree = "<group>";
		};
		04FFABAE2235A53400D86900 /* WTesteApp */ = {
			isa = PBXGroup;
			children = (
				04DCB18622396E1A0071D770 /* View */,
				04FFABC52235A58000D86900 /* Service */,
				04FFABC42235A56F00D86900 /* Controller */,
				04FFABAF2235A53400D86900 /* AppDelegate.swift */,
				04FFABB12235A53400D86900 /* ViewController.swift */,
				04FFABB32235A53400D86900 /* Main.storyboard */,
				04FFABB92235A53500D86900 /* Assets.xcassets */,
				04FFABBB2235A53500D86900 /* LaunchScreen.storyboard */,
				04FFABBE2235A53600D86900 /* Info.plist */,
				04FFABB62235A53400D86900 /* WTesteApp.xcdatamodeld */,
			);
			path = WTesteApp;
			sourceTree = "<group>";
		};
		04FFABC42235A56F00D86900 /* Controller */ = {
			isa = PBXGroup;
			children = (
				04FFABC82235A5E700D86900 /* PostalCodeViewController.swift */,
				04FFABCA2235A97900D86900 /* ViewController+CoreData.swift */,
			);
			name = Controller;
			sourceTree = "<group>";
		};
		04FFABC52235A58000D86900 /* Service */ = {
			isa = PBXGroup;
			children = (
				04FFABC62235A59F00D86900 /* Service.swift */,
			);
			path = Service;
			sourceTree = "<group>";
		};
		9193EB0F199D6148151E6197 /* Pods */ = {
			isa = PBXGroup;
			children = (
				80CB2E31E5E5ED4898238584 /* Pods-WTesteApp.debug.xcconfig */,
				312248CD3D6597F0A47E0271 /* Pods-WTesteApp.release.xcconfig */,
			);
			name = Pods;
			sourceTree = "<group>";
		};
		E7341E22C32D8A3746416CA8 /* Frameworks */ = {
			isa = PBXGroup;
			children = (
				4BBB3B2D0032A316F8417E8D /* Pods_WTesteApp.framework */,
			);
			name = Frameworks;
			sourceTree = "<group>";
		};
/* End PBXGroup section */

/* Begin PBXNativeTarget section */
		04FFABAB2235A53400D86900 /* WTesteApp */ = {
			isa = PBXNativeTarget;
			buildConfigurationList = 04FFABC12235A53600D86900 /* Build configuration list for PBXNativeTarget "WTesteApp" */;
			buildPhases = (
				CF1990B25E01BDFADE273846 /* [CP] Check Pods Manifest.lock */,
				04FFABA82235A53400D86900 /* Sources */,
				04FFABA92235A53400D86900 /* Frameworks */,
				04FFABAA2235A53400D86900 /* Resources */,
				CEACC8EC0D3ED46CF826C8B7 /* [CP] Embed Pods Frameworks */,
			);
			buildRules = (
			);
			dependencies = (
			);
			name = WTesteApp;
			productName = WTesteApp;
			productReference = 04FFABAC2235A53400D86900 /* WTesteApp.app */;
			productType = "com.apple.product-type.application";
		};
/* End PBXNativeTarget section */

/* Begin PBXProject section */
		04FFABA42235A53400D86900 /* Project object */ = {
			isa = PBXProject;
			attributes = {
				LastSwiftUpdateCheck = 1010;
				LastUpgradeCheck = 1010;
				ORGANIZATIONNAME = "Wesley S. Favarin";
				TargetAttributes = {
					04FFABAB2235A53400D86900 = {
						CreatedOnToolsVersion = 10.1;
					};
				};
			};
			buildConfigurationList = 04FFABA72235A53400D86900 /* Build configuration list for PBXProject "WTesteApp" */;
			compatibilityVersion = "Xcode 9.3";
			developmentRegion = en;
			hasScannedForEncodings = 0;
			knownRegions = (
				en,
				Base,
			);
			mainGroup = 04FFABA32235A53400D86900;
			productRefGroup = 04FFABAD2235A53400D86900 /* Products */;
			projectDirPath = "";
			projectRoot = "";
			targets = (
				04FFABAB2235A53400D86900 /* WTesteApp */,
			);
		};
/* End PBXProject section */

/* Begin PBXResourcesBuildPhase section */
		04FFABAA2235A53400D86900 /* Resources */ = {
			isa = PBXResourcesBuildPhase;
			buildActionMask = 2147483647;
			files = (
				04FFABBD2235A53500D86900 /* LaunchScreen.storyboard in Resources */,
				04FFABBA2235A53500D86900 /* Assets.xcassets in Resources */,
				04FFABB52235A53400D86900 /* Main.storyboard in Resources */,
			);
			runOnlyForDeploymentPostprocessing = 0;
		};
/* End PBXResourcesBuildPhase section */

/* Begin PBXShellScriptBuildPhase section */
		CEACC8EC0D3ED46CF826C8B7 /* [CP] Embed Pods Frameworks */ = {
			isa = PBXShellScriptBuildPhase;
			buildActionMask = 2147483647;
			files = (
			);
			inputFileListPaths = (
			);
			inputPaths = (
				"${SRCROOT}/Pods/Target Support Files/Pods-WTesteApp/Pods-WTesteApp-frameworks.sh",
				"${BUILT_PRODUCTS_DIR}/Kingfisher/Kingfisher.framework",
				"${BUILT_PRODUCTS_DIR}/TextFieldEffects/TextFieldEffects.framework",
			);
			name = "[CP] Embed Pods Frameworks";
			outputFileListPaths = (
			);
			outputPaths = (
				"${TARGET_BUILD_DIR}/${FRAMEWORKS_FOLDER_PATH}/Kingfisher.framework",
				"${TARGET_BUILD_DIR}/${FRAMEWORKS_FOLDER_PATH}/TextFieldEffects.framework",
			);
			runOnlyForDeploymentPostprocessing = 0;
			shellPath = /bin/sh;
			shellScript = "\"${SRCROOT}/Pods/Target Support Files/Pods-WTesteApp/Pods-WTesteApp-frameworks.sh\"\n";
			showEnvVarsInLog = 0;
		};
		CF1990B25E01BDFADE273846 /* [CP] Check Pods Manifest.lock */ = {
			isa = PBXShellScriptBuildPhase;
			buildActionMask = 2147483647;
			files = (
			);
			inputFileListPaths = (
			);
			inputPaths = (
				"${PODS_PODFILE_DIR_PATH}/Podfile.lock",
				"${PODS_ROOT}/Manifest.lock",
			);
			name = "[CP] Check Pods Manifest.lock";
			outputFileListPaths = (
			);
			outputPaths = (
				"$(DERIVED_FILE_DIR)/Pods-WTesteApp-checkManifestLockResult.txt",
			);
			runOnlyForDeploymentPostprocessing = 0;
			shellPath = /bin/sh;
			shellScript = "diff \"${PODS_PODFILE_DIR_PATH}/Podfile.lock\" \"${PODS_ROOT}/Manifest.lock\" > /dev/null\nif [ $? != 0 ] ; then\n    # print error to STDERR\n    echo \"error: The sandbox is not in sync with the Podfile.lock. Run 'pod install' or update your CocoaPods installation.\" >&2\n    exit 1\nfi\n# This output is used by Xcode 'outputs' to avoid re-running this script phase.\necho \"SUCCESS\" > \"${SCRIPT_OUTPUT_FILE_0}\"\n";
			showEnvVarsInLog = 0;
		};
/* End PBXShellScriptBuildPhase section */

/* Begin PBXSourcesBuildPhase section */
		04FFABA82235A53400D86900 /* Sources */ = {
			isa = PBXSourcesBuildPhase;
			buildActionMask = 2147483647;
			files = (
				04FFABC92235A5E700D86900 /* PostalCodeViewController.swift in Sources */,
				04DCB18A223971320071D770 /* PostalCodeTableViewCell.swift in Sources */,
				04FFABB22235A53400D86900 /* ViewController.swift in Sources */,
				04DCB18E223AECA80071D770 /* TableViewController.swift in Sources */,
				04FFABC72235A59F00D86900 /* Service.swift in Sources */,
				04DCB192223AF4570071D770 /* TextViewTableViewCell.swift in Sources */,
				04DCB18822396E2E0071D770 /* PostalCodeTableViewController.swift in Sources */,
				04DCB190223AECFB0071D770 /* TableViewCell.swift in Sources */,
				04FFABB82235A53400D86900 /* WTesteApp.xcdatamodeld in Sources */,
				04FFABB02235A53400D86900 /* AppDelegate.swift in Sources */,
				04FFABCB2235A97900D86900 /* ViewController+CoreData.swift in Sources */,
				04DCB18C2239CB900071D770 /* ListTextViewTableViewController.swift in Sources */,
			);
			runOnlyForDeploymentPostprocessing = 0;
		};
/* End PBXSourcesBuildPhase section */

/* Begin PBXVariantGroup section */
		04FFABB32235A53400D86900 /* Main.storyboard */ = {
			isa = PBXVariantGroup;
			children = (
				04FFABB42235A53400D86900 /* Base */,
			);
			name = Main.storyboard;
			sourceTree = "<group>";
		};
		04FFABBB2235A53500D86900 /* LaunchScreen.storyboard */ = {
			isa = PBXVariantGroup;
			children = (
				04FFABBC2235A53500D86900 /* Base */,
			);
			name = LaunchScreen.storyboard;
			sourceTree = "<group>";
		};
/* End PBXVariantGroup section */

/* Begin XCBuildConfiguration section */
		04FFABBF2235A53600D86900 /* Debug */ = {
			isa = XCBuildConfiguration;
			buildSettings = {
				ALWAYS_SEARCH_USER_PATHS = NO;
				CLANG_ANALYZER_NONNULL = YES;
				CLANG_ANALYZER_NUMBER_OBJECT_CONVERSION = YES_AGGRESSIVE;
				CLANG_CXX_LANGUAGE_STANDARD = "gnu++14";
				CLANG_CXX_LIBRARY = "libc++";
				CLANG_ENABLE_MODULES = YES;
				CLANG_ENABLE_OBJC_ARC = YES;
				CLANG_ENABLE_OBJC_WEAK = YES;
				CLANG_WARN_BLOCK_CAPTURE_AUTORELEASING = YES;
				CLANG_WARN_BOOL_CONVERSION = YES;
				CLANG_WARN_COMMA = YES;
				CLANG_WARN_CONSTANT_CONVERSION = YES;
				CLANG_WARN_DEPRECATED_OBJC_IMPLEMENTATIONS = YES;
				CLANG_WARN_DIRECT_OBJC_ISA_USAGE = YES_ERROR;
				CLANG_WARN_DOCUMENTATION_COMMENTS = YES;
				CLANG_WARN_EMPTY_BODY = YES;
				CLANG_WARN_ENUM_CONVERSION = YES;
				CLANG_WARN_INFINITE_RECURSION = YES;
				CLANG_WARN_INT_CONVERSION = YES;
				CLANG_WARN_NON_LITERAL_NULL_CONVERSION = YES;
				CLANG_WARN_OBJC_IMPLICIT_RETAIN_SELF = YES;
				CLANG_WARN_OBJC_LITERAL_CONVERSION = YES;
				CLANG_WARN_OBJC_ROOT_CLASS = YES_ERROR;
				CLANG_WARN_RANGE_LOOP_ANALYSIS = YES;
				CLANG_WARN_STRICT_PROTOTYPES = YES;
				CLANG_WARN_SUSPICIOUS_MOVE = YES;
				CLANG_WARN_UNGUARDED_AVAILABILITY = YES_AGGRESSIVE;
				CLANG_WARN_UNREACHABLE_CODE = YES;
				CLANG_WARN__DUPLICATE_METHOD_MATCH = YES;
				CODE_SIGN_IDENTITY = "iPhone Developer";
				COPY_PHASE_STRIP = NO;
				DEBUG_INFORMATION_FORMAT = dwarf;
				ENABLE_STRICT_OBJC_MSGSEND = YES;
				ENABLE_TESTABILITY = YES;
				GCC_C_LANGUAGE_STANDARD = gnu11;
				GCC_DYNAMIC_NO_PIC = NO;
				GCC_NO_COMMON_BLOCKS = YES;
				GCC_OPTIMIZATION_LEVEL = 0;
				GCC_PREPROCESSOR_DEFINITIONS = (
					"DEBUG=1",
					"$(inherited)",
				);
				GCC_WARN_64_TO_32_BIT_CONVERSION = YES;
				GCC_WARN_ABOUT_RETURN_TYPE = YES_ERROR;
				GCC_WARN_UNDECLARED_SELECTOR = YES;
				GCC_WARN_UNINITIALIZED_AUTOS = YES_AGGRESSIVE;
				GCC_WARN_UNUSED_FUNCTION = YES;
				GCC_WARN_UNUSED_VARIABLE = YES;
				IPHONEOS_DEPLOYMENT_TARGET = 12.1;
				MTL_ENABLE_DEBUG_INFO = INCLUDE_SOURCE;
				MTL_FAST_MATH = YES;
				ONLY_ACTIVE_ARCH = YES;
				SDKROOT = iphoneos;
				SWIFT_ACTIVE_COMPILATION_CONDITIONS = DEBUG;
				SWIFT_OPTIMIZATION_LEVEL = "-Onone";
			};
			name = Debug;
		};
		04FFABC02235A53600D86900 /* Release */ = {
			isa = XCBuildConfiguration;
			buildSettings = {
				ALWAYS_SEARCH_USER_PATHS = NO;
				CLANG_ANALYZER_NONNULL = YES;
				CLANG_ANALYZER_NUMBER_OBJECT_CONVERSION = YES_AGGRESSIVE;
				CLANG_CXX_LANGUAGE_STANDARD = "gnu++14";
				CLANG_CXX_LIBRARY = "libc++";
				CLANG_ENABLE_MODULES = YES;
				CLANG_ENABLE_OBJC_ARC = YES;
				CLANG_ENABLE_OBJC_WEAK = YES;
				CLANG_WARN_BLOCK_CAPTURE_AUTORELEASING = YES;
				CLANG_WARN_BOOL_CONVERSION = YES;
				CLANG_WARN_COMMA = YES;
				CLANG_WARN_CONSTANT_CONVERSION = YES;
				CLANG_WARN_DEPRECATED_OBJC_IMPLEMENTATIONS = YES;
				CLANG_WARN_DIRECT_OBJC_ISA_USAGE = YES_ERROR;
				CLANG_WARN_DOCUMENTATION_COMMENTS = YES;
				CLANG_WARN_EMPTY_BODY = YES;
				CLANG_WARN_ENUM_CONVERSION = YES;
				CLANG_WARN_INFINITE_RECURSION = YES;
				CLANG_WARN_INT_CONVERSION = YES;
				CLANG_WARN_NON_LITERAL_NULL_CONVERSION = YES;
				CLANG_WARN_OBJC_IMPLICIT_RETAIN_SELF = YES;
				CLANG_WARN_OBJC_LITERAL_CONVERSION = YES;
				CLANG_WARN_OBJC_ROOT_CLASS = YES_ERROR;
				CLANG_WARN_RANGE_LOOP_ANALYSIS = YES;
				CLANG_WARN_STRICT_PROTOTYPES = YES;
				CLANG_WARN_SUSPICIOUS_MOVE = YES;
				CLANG_WARN_UNGUARDED_AVAILABILITY = YES_AGGRESSIVE;
				CLANG_WARN_UNREACHABLE_CODE = YES;
				CLANG_WARN__DUPLICATE_METHOD_MATCH = YES;
				CODE_SIGN_IDENTITY = "iPhone Developer";
				COPY_PHASE_STRIP = NO;
				DEBUG_INFORMATION_FORMAT = "dwarf-with-dsym";
				ENABLE_NS_ASSERTIONS = NO;
				ENABLE_STRICT_OBJC_MSGSEND = YES;
				GCC_C_LANGUAGE_STANDARD = gnu11;
				GCC_NO_COMMON_BLOCKS = YES;
				GCC_WARN_64_TO_32_BIT_CONVERSION = YES;
				GCC_WARN_ABOUT_RETURN_TYPE = YES_ERROR;
				GCC_WARN_UNDECLARED_SELECTOR = YES;
				GCC_WARN_UNINITIALIZED_AUTOS = YES_AGGRESSIVE;
				GCC_WARN_UNUSED_FUNCTION = YES;
				GCC_WARN_UNUSED_VARIABLE = YES;
				IPHONEOS_DEPLOYMENT_TARGET = 12.1;
				MTL_ENABLE_DEBUG_INFO = NO;
				MTL_FAST_MATH = YES;
				SDKROOT = iphoneos;
				SWIFT_COMPILATION_MODE = wholemodule;
				SWIFT_OPTIMIZATION_LEVEL = "-O";
				VALIDATE_PRODUCT = YES;
			};
			name = Release;
		};
		04FFABC22235A53600D86900 /* Debug */ = {
			isa = XCBuildConfiguration;
			baseConfigurationReference = 80CB2E31E5E5ED4898238584 /* Pods-WTesteApp.debug.xcconfig */;
			buildSettings = {
				ASSETCATALOG_COMPILER_APPICON_NAME = AppIcon;
				CODE_SIGN_STYLE = Automatic;
				DEVELOPMENT_TEAM = TMBBB4Z65G;
				INFOPLIST_FILE = WTesteApp/Info.plist;
				LD_RUNPATH_SEARCH_PATHS = (
					"$(inherited)",
					"@executable_path/Frameworks",
				);
				PRODUCT_BUNDLE_IDENTIFIER = com.wesleysfavarin.next.WTesteApp;
				PRODUCT_NAME = "$(TARGET_NAME)";
				SWIFT_VERSION = 4.2;
				TARGETED_DEVICE_FAMILY = "1,2";
			};
			name = Debug;
		};
		04FFABC32235A53600D86900 /* Release */ = {
			isa = XCBuildConfiguration;
			baseConfigurationReference = 312248CD3D6597F0A47E0271 /* Pods-WTesteApp.release.xcconfig */;
			buildSettings = {
				ASSETCATALOG_COMPILER_APPICON_NAME = AppIcon;
				CODE_SIGN_STYLE = Automatic;
				DEVELOPMENT_TEAM = TMBBB4Z65G;
				INFOPLIST_FILE = WTesteApp/Info.plist;
				LD_RUNPATH_SEARCH_PATHS = (
					"$(inherited)",
					"@executable_path/Frameworks",
				);
				PRODUCT_BUNDLE_IDENTIFIER = com.wesleysfavarin.next.WTesteApp;
				PRODUCT_NAME = "$(TARGET_NAME)";
				SWIFT_VERSION = 4.2;
				TARGETED_DEVICE_FAMILY = "1,2";
			};
			name = Release;
		};
/* End XCBuildConfiguration section */

/* Begin XCConfigurationList section */
		04FFABA72235A53400D86900 /* Build configuration list for PBXProject "WTesteApp" */ = {
			isa = XCConfigurationList;
			buildConfigurations = (
				04FFABBF2235A53600D86900 /* Debug */,
				04FFABC02235A53600D86900 /* Release */,
			);
			defaultConfigurationIsVisible = 0;
			defaultConfigurationName = Release;
		};
		04FFABC12235A53600D86900 /* Build configuration list for PBXNativeTarget "WTesteApp" */ = {
			isa = XCConfigurationList;
			buildConfigurations = (
				04FFABC22235A53600D86900 /* Debug */,
				04FFABC32235A53600D86900 /* Release */,
			);
			defaultConfigurationIsVisible = 0;
			defaultConfigurationName = Release;
		};
/* End XCConfigurationList section */

/* Begin XCVersionGroup section */
		04FFABB62235A53400D86900 /* WTesteApp.xcdatamodeld */ = {
			isa = XCVersionGroup;
			children = (
				04FFABB72235A53400D86900 /* WTesteApp.xcdatamodel */,
			);
			currentVersion = 04FFABB72235A53400D86900 /* WTesteApp.xcdatamodel */;
			path = WTesteApp.xcdatamodeld;
			sourceTree = "<group>";
			versionGroupType = wrapper.xcdatamodel;
		};
/* End XCVersionGroup section */
	};
	rootObject = 04FFABA42235A53400D86900 /* Project object */;
}
